
Microsoft Visual Studio Solution File, Format Version 12.00
# Visual Studio Version 17
VisualStudioVersion = 17.1.32228.430
MinimumVisualStudioVersion = 10.0.40219.1
Project("{9A19103F-16F7-4668-BE54-9A1E7A4F7556}") = "Block1", "CSF1\Block1.csproj", "{DF780E4A-469C-4D7F-B9B2-EA0B9F4AC892}"
EndProject
Project("{9A19103F-16F7-4668-BE54-9A1E7A4F7556}") = "Block2", "Block2\Block2.csproj", "{9A475CA1-DADB-4216-A8E1-FB2E646EB750}"
EndProject
Project("{9A19103F-16F7-4668-BE54-9A1E7A4F7556}") = "Block3", "Block3\Block3.csproj", "{41B05BBC-8777-40BF-890C-E640584553EE}"
EndProject
Project("{9A19103F-16F7-4668-BE54-9A1E7A4F7556}") = "Block4", "Block4\Block4.csproj", "{CE51E61B-22C6-49DA-B352-F10675B0BBE7}"
EndProject
Project("{FAE04EC0-301F-11D3-BF4B-00C04F79EFBC}") = "Block5", "Block5\Block5.csproj", "{82C01A3E-483E-4F80-8D7D-68BDF354CE8C}"
EndProject
Global
	GlobalSection(SolutionConfigurationPlatforms) = preSolution
		Debug|Any CPU = Debug|Any CPU
		Release|Any CPU = Release|Any CPU
	EndGlobalSection
	GlobalSection(ProjectConfigurationPlatforms) = postSolution
		{DF780E4A-469C-4D7F-B9B2-EA0B9F4AC892}.Debug|Any CPU.ActiveCfg = Debug|Any CPU
		{DF780E4A-469C-4D7F-B9B2-EA0B9F4AC892}.Debug|Any CPU.Build.0 = Debug|Any CPU
		{DF780E4A-469C-4D7F-B9B2-EA0B9F4AC892}.Release|Any CPU.ActiveCfg = Release|Any CPU
		{DF780E4A-469C-4D7F-B9B2-EA0B9F4AC892}.Release|Any CPU.Build.0 = Release|Any CPU
		{9A475CA1-DADB-4216-A8E1-FB2E646EB750}.Debug|Any CPU.ActiveCfg = Debug|Any CPU
		{9A475CA1-DADB-4216-A8E1-FB2E646EB750}.Debug|Any CPU.Build.0 = Debug|Any CPU
		{9A475CA1-DADB-4216-A8E1-FB2E646EB750}.Release|Any CPU.ActiveCfg = Release|Any CPU
		{9A475CA1-DADB-4216-A8E1-FB2E646EB750}.Release|Any CPU.Build.0 = Release|Any CPU
		{41B05BBC-8777-40BF-890C-E640584553EE}.Debug|Any CPU.ActiveCfg = Debug|Any CPU
		{41B05BBC-8777-40BF-890C-E640584553EE}.Debug|Any CPU.Build.0 = Debug|Any CPU
		{41B05BBC-8777-40BF-890C-E640584553EE}.Release|Any CPU.ActiveCfg = Release|Any CPU
		{41B05BBC-8777-40BF-890C-E640584553EE}.Release|Any CPU.Build.0 = Release|Any CPU
		{CE51E61B-22C6-49DA-B352-F10675B0BBE7}.Debug|Any CPU.ActiveCfg = Debug|Any CPU
		{CE51E61B-22C6-49DA-B352-F10675B0BBE7}.Debug|Any CPU.Build.0 = Debug|Any CPU
		{CE51E61B-22C6-49DA-B352-F10675B0BBE7}.Release|Any CPU.ActiveCfg = Release|Any CPU
		{CE51E61B-22C6-49DA-B352-F10675B0BBE7}.Release|Any CPU.Build.0 = Release|Any CPU
		{82C01A3E-483E-4F80-8D7D-68BDF354CE8C}.Debug|Any CPU.ActiveCfg = Debug|Any CPU
		{82C01A3E-483E-4F80-8D7D-68BDF354CE8C}.Debug|Any CPU.Build.0 = Debug|Any CPU
		{82C01A3E-483E-4F80-8D7D-68BDF354CE8C}.Release|Any CPU.ActiveCfg = Release|Any CPU
		{82C01A3E-483E-4F80-8D7D-68BDF354CE8C}.Release|Any CPU.Build.0 = Release|Any CPU
	EndGlobalSection
	GlobalSection(SolutionProperties) = preSolution
		HideSolutionNode = FALSE
	EndGlobalSection
	GlobalSection(ExtensibilityGlobals) = postSolution
		SolutionGuid = {BA90AF99-6880-4202-A0FC-427D35834734}
	EndGlobalSection
EndGlobal
